[[package]]
name = "sitecustomize-entrypoints"
version = "0.1.0"
description = ""
category = "main"
optional = true
python-versions = ">=3.7,<4.0"

[extras]
sitecustomize = ["sitecustomize-entrypoints"]

[metadata]
lock-version = "1.1"
python-versions = "^3.7"
content-hash = "45eb8151b985abc06a88107dfe141b58f5b786b805e3b470429c80089c9d90d8"

[metadata.files]
sitecustomize-entrypoints = [
    {file = "sitecustomize-entrypoints-0.1.0.tar.gz", hash = "sha256:f926ff2effaeba20dca7c1c12dc30a36d544e943e20b407a185192feb52d551d"},
    {file = "sitecustomize_entrypoints-0.1.0-py3-none-any.whl", hash = "sha256:7e0a1ad9a5e46dbbb3c29626fedf36f3979f64ccaf73f4ba483e0852393bac23"},
]
